// !$*UTF8*$!
{
	archiveVersion = 1;
	classes = {
	};
	objectVersion = 56;
	objects = {

/* Begin PBXBuildFile section */
		1D0B34D02B5077E900698D51 /* MissingNumber.swift in Sources */ = {isa = PBXBuildFile; fileRef = 1D0B34CF2B5077E900698D51 /* MissingNumber.swift */; };
		1D0B34D22B507BBB00698D51 /* MissingNumberTest.swift in Sources */ = {isa = PBXBuildFile; fileRef = 1D0B34D12B507BBB00698D51 /* MissingNumberTest.swift */; };
		1D0DA3102B582A6E0074651C /* FindFirstAndLastPositionOfElementInSortedArray.swift in Sources */ = {isa = PBXBuildFile; fileRef = 1D0DA30F2B582A6E0074651C /* FindFirstAndLastPositionOfElementInSortedArray.swift */; };
		1D0DA3122B58300C0074651C /* FindFirstAndLastPositionOfElementInSortedArrayTest.swift in Sources */ = {isa = PBXBuildFile; fileRef = 1D0DA3112B58300C0074651C /* FindFirstAndLastPositionOfElementInSortedArrayTest.swift */; };
		1D11983B2B4C82BA007D9AF0 /* LeetCodeInSwiftApp.swift in Sources */ = {isa = PBXBuildFile; fileRef = 1D11983A2B4C82BA007D9AF0 /* LeetCodeInSwiftApp.swift */; };
		1D11983D2B4C82BA007D9AF0 /* ContentView.swift in Sources */ = {isa = PBXBuildFile; fileRef = 1D11983C2B4C82BA007D9AF0 /* ContentView.swift */; };
		1D11983F2B4C82BD007D9AF0 /* Assets.xcassets in Resources */ = {isa = PBXBuildFile; fileRef = 1D11983E2B4C82BD007D9AF0 /* Assets.xcassets */; };
		1D1198422B4C82BD007D9AF0 /* Preview Assets.xcassets in Resources */ = {isa = PBXBuildFile; fileRef = 1D1198412B4C82BD007D9AF0 /* Preview Assets.xcassets */; };
		1D1198572B4C831B007D9AF0 /* ContainerWithMostWater.swift in Sources */ = {isa = PBXBuildFile; fileRef = 1D1198562B4C831B007D9AF0 /* ContainerWithMostWater.swift */; };
		1D1198592B4C83F4007D9AF0 /* ContainerWithMostWaterTest.swift in Sources */ = {isa = PBXBuildFile; fileRef = 1D1198582B4C83F4007D9AF0 /* ContainerWithMostWaterTest.swift */; };
		1D153F1A2B53194E00C3E2FF /* MergeTwoSortedLists.swift in Sources */ = {isa = PBXBuildFile; fileRef = 1D153F192B53194E00C3E2FF /* MergeTwoSortedLists.swift */; };
		1D2455622B53D84E00F407A8 /* PathSum.swift in Sources */ = {isa = PBXBuildFile; fileRef = 1D2455612B53D84E00F407A8 /* PathSum.swift */; };
		1D2455642B53DC1200F407A8 /* PathSumTests.swift in Sources */ = {isa = PBXBuildFile; fileRef = 1D2455632B53DC1200F407A8 /* PathSumTests.swift */; };
		1D2ECCEA2B4F2CC50062F159 /* CountPrimes.swift in Sources */ = {isa = PBXBuildFile; fileRef = 1D2ECCE92B4F2CC50062F159 /* CountPrimes.swift */; };
		1D2ECCEC2B4F2E440062F159 /* CountPrimesTest.swift in Sources */ = {isa = PBXBuildFile; fileRef = 1D2ECCEB2B4F2E440062F159 /* CountPrimesTest.swift */; };
		1D53F6BC2B55BD7A00C4DAA8 /* LongestSubstringWithoutRepeatingCharacters.swift in Sources */ = {isa = PBXBuildFile; fileRef = 1D53F6BB2B55BD7A00C4DAA8 /* LongestSubstringWithoutRepeatingCharacters.swift */; };
		1D53F6BE2B55BE5600C4DAA8 /* LongestSubstringWithoutRepeatingCharactersTest.swift in Sources */ = {isa = PBXBuildFile; fileRef = 1D53F6BD2B55BE5600C4DAA8 /* LongestSubstringWithoutRepeatingCharactersTest.swift */; };
		1D5CC81D2B591BEE004EB938 /* GroupAnagrams.swift in Sources */ = {isa = PBXBuildFile; fileRef = 1D5CC81C2B591BEE004EB938 /* GroupAnagrams.swift */; };
		1D5CC81F2B591CEE004EB938 /* GroupAnagramsTest.swift in Sources */ = {isa = PBXBuildFile; fileRef = 1D5CC81E2B591CEE004EB938 /* GroupAnagramsTest.swift */; };
		1D5CC8212B5948F0004EB938 /* HashTablesDictionaries.swift in Sources */ = {isa = PBXBuildFile; fileRef = 1D5CC8202B5948F0004EB938 /* HashTablesDictionaries.swift */; };
		1D5CC8232B594A3C004EB938 /* HashTablesDictionariesTest.swift in Sources */ = {isa = PBXBuildFile; fileRef = 1D5CC8222B594A3C004EB938 /* HashTablesDictionariesTest.swift */; };
		1D729A732B52841D004E3AE7 /* SingleNumber.swift in Sources */ = {isa = PBXBuildFile; fileRef = 1D729A722B52841D004E3AE7 /* SingleNumber.swift */; };
		1D729A752B5284DA004E3AE7 /* SingleNumberTest.swift in Sources */ = {isa = PBXBuildFile; fileRef = 1D729A742B5284DA004E3AE7 /* SingleNumberTest.swift */; };
		1D729A772B528981004E3AE7 /* RobotReturnToOrigin.swift in Sources */ = {isa = PBXBuildFile; fileRef = 1D729A762B528981004E3AE7 /* RobotReturnToOrigin.swift */; };
		1D729A792B528B19004E3AE7 /* RobotReturnToOriginTest.swift in Sources */ = {isa = PBXBuildFile; fileRef = 1D729A782B528B19004E3AE7 /* RobotReturnToOriginTest.swift */; };
		1D729A7B2B52AF1E004E3AE7 /* TwoSum.swift in Sources */ = {isa = PBXBuildFile; fileRef = 1D729A7A2B52AF1E004E3AE7 /* TwoSum.swift */; };
		1D729A7D2B52AFD1004E3AE7 /* TwoSumTest.swift in Sources */ = {isa = PBXBuildFile; fileRef = 1D729A7C2B52AFD1004E3AE7 /* TwoSumTest.swift */; };
		1D9A514A2B4F044B00224DF5 /* MoveZeroes.swift in Sources */ = {isa = PBXBuildFile; fileRef = 1D9A51492B4F044B00224DF5 /* MoveZeroes.swift */; };
		1D9A514C2B4F050600224DF5 /* MoveZeroesTest.swift in Sources */ = {isa = PBXBuildFile; fileRef = 1D9A514B2B4F050600224DF5 /* MoveZeroesTest.swift */; };
		1DB4D7202B584D0400DB387E /* MajorityElement.swift in Sources */ = {isa = PBXBuildFile; fileRef = 1DB4D71F2B584D0400DB387E /* MajorityElement.swift */; };
		1DB4D7222B584DD100DB387E /* MajorityElementTest.swift in Sources */ = {isa = PBXBuildFile; fileRef = 1DB4D7212B584DD100DB387E /* MajorityElementTest.swift */; };
		1DC57E7C2B52D24500F2372B /* AddBinary.swift in Sources */ = {isa = PBXBuildFile; fileRef = 1DC57E7B2B52D24500F2372B /* AddBinary.swift */; };
		1DC57E7E2B52D43100F2372B /* AddBinaryTest.swift in Sources */ = {isa = PBXBuildFile; fileRef = 1DC57E7D2B52D43000F2372B /* AddBinaryTest.swift */; };
		1DC57E802B52F83D00F2372B /* ContainsDupliate.swift in Sources */ = {isa = PBXBuildFile; fileRef = 1DC57E7F2B52F83D00F2372B /* ContainsDupliate.swift */; };
		1DC57E822B52F91600F2372B /* ContainsDupliateTest.swift in Sources */ = {isa = PBXBuildFile; fileRef = 1DC57E812B52F91600F2372B /* ContainsDupliateTest.swift */; };
		1DE99C732B4DC11000C247A9 /* ValidMountainArray.swift in Sources */ = {isa = PBXBuildFile; fileRef = 1DE99C722B4DC11000C247A9 /* ValidMountainArray.swift */; };
		1DE99C752B4DC1D300C247A9 /* ValidMountainArrayTest.swift in Sources */ = {isa = PBXBuildFile; fileRef = 1DE99C742B4DC1D300C247A9 /* ValidMountainArrayTest.swift */; };
		52D5B4DE2B59AE6900DACBFB /* MinimumWindowSubstring.swift in Sources */ = {isa = PBXBuildFile; fileRef = 52D5B4DD2B59AE6900DACBFB /* MinimumWindowSubstring.swift */; };
		52D5B4E02B5BA25400DACBFB /* LinkedListCycle.swift in Sources */ = {isa = PBXBuildFile; fileRef = 52D5B4DF2B5BA25400DACBFB /* LinkedListCycle.swift */; };
		52D5B4E22B5BA55D00DACBFB /* ReversedLinkedList.swift in Sources */ = {isa = PBXBuildFile; fileRef = 52D5B4E12B5BA55D00DACBFB /* ReversedLinkedList.swift */; };
		52D5B4E42B5BAB5900DACBFB /* LinkedListAddTwoNumbers.swift in Sources */ = {isa = PBXBuildFile; fileRef = 52D5B4E32B5BAB5900DACBFB /* LinkedListAddTwoNumbers.swift */; };
		52D5B4E62B5BBBF600DACBFB /* RemoveNthNodeFromEndOfList.swift in Sources */ = {isa = PBXBuildFile; fileRef = 52D5B4E52B5BBBF600DACBFB /* RemoveNthNodeFromEndOfList.swift */; };
		52D5B4E82B5BC40800DACBFB /* OddEvenList.swift in Sources */ = {isa = PBXBuildFile; fileRef = 52D5B4E72B5BC40800DACBFB /* OddEvenList.swift */; };
		52D5B4EA2B5BE23F00DACBFB /* MergeKSortedList.swift in Sources */ = {isa = PBXBuildFile; fileRef = 52D5B4E92B5BE23F00DACBFB /* MergeKSortedList.swift */; };
		52D5B4EC2B5C126D00DACBFB /* Subsets.swift in Sources */ = {isa = PBXBuildFile; fileRef = 52D5B4EB2B5C126D00DACBFB /* Subsets.swift */; };
		52D5B4EE2B5C451800DACBFB /* LetterCombinationOfPhoneNumber.swift in Sources */ = {isa = PBXBuildFile; fileRef = 52D5B4ED2B5C451800DACBFB /* LetterCombinationOfPhoneNumber.swift */; };
		8480BBB22B4E8774008DE55E /* BoatToSavePeople.swift in Sources */ = {isa = PBXBuildFile; fileRef = 8480BBB12B4E8774008DE55E /* BoatToSavePeople.swift */; };
		8480BBB42B4E892F008DE55E /* BoatToSavePeopleTest.swift in Sources */ = {isa = PBXBuildFile; fileRef = 8480BBB32B4E892F008DE55E /* BoatToSavePeopleTest.swift */; };
/* End PBXBuildFile section */

/* Begin PBXContainerItemProxy section */
		1D1198512B4C82E5007D9AF0 /* PBXContainerItemProxy */ = {
			isa = PBXContainerItemProxy;
			containerPortal = 1D11982F2B4C82B9007D9AF0 /* Project object */;
			proxyType = 1;
			remoteGlobalIDString = 1D1198362B4C82BA007D9AF0;
			remoteInfo = LeetCodeInSwift;
		};
/* End PBXContainerItemProxy section */

/* Begin PBXFileReference section */
		1D0B34CF2B5077E900698D51 /* MissingNumber.swift */ = {isa = PBXFileReference; lastKnownFileType = sourcecode.swift; path = MissingNumber.swift; sourceTree = "<group>"; };
		1D0B34D12B507BBB00698D51 /* MissingNumberTest.swift */ = {isa = PBXFileReference; lastKnownFileType = sourcecode.swift; path = MissingNumberTest.swift; sourceTree = "<group>"; };
		1D0DA30F2B582A6E0074651C /* FindFirstAndLastPositionOfElementInSortedArray.swift */ = {isa = PBXFileReference; lastKnownFileType = sourcecode.swift; path = FindFirstAndLastPositionOfElementInSortedArray.swift; sourceTree = "<group>"; };
		1D0DA3112B58300C0074651C /* FindFirstAndLastPositionOfElementInSortedArrayTest.swift */ = {isa = PBXFileReference; lastKnownFileType = sourcecode.swift; path = FindFirstAndLastPositionOfElementInSortedArrayTest.swift; sourceTree = "<group>"; };
		1D1198372B4C82BA007D9AF0 /* LeetCodeInSwift.app */ = {isa = PBXFileReference; explicitFileType = wrapper.application; includeInIndex = 0; path = LeetCodeInSwift.app; sourceTree = BUILT_PRODUCTS_DIR; };
		1D11983A2B4C82BA007D9AF0 /* LeetCodeInSwiftApp.swift */ = {isa = PBXFileReference; lastKnownFileType = sourcecode.swift; path = LeetCodeInSwiftApp.swift; sourceTree = "<group>"; };
		1D11983C2B4C82BA007D9AF0 /* ContentView.swift */ = {isa = PBXFileReference; lastKnownFileType = sourcecode.swift; path = ContentView.swift; sourceTree = "<group>"; };
		1D11983E2B4C82BD007D9AF0 /* Assets.xcassets */ = {isa = PBXFileReference; lastKnownFileType = folder.assetcatalog; path = Assets.xcassets; sourceTree = "<group>"; };
		1D1198412B4C82BD007D9AF0 /* Preview Assets.xcassets */ = {isa = PBXFileReference; lastKnownFileType = folder.assetcatalog; path = "Preview Assets.xcassets"; sourceTree = "<group>"; };
		1D1198432B4C82BD007D9AF0 /* LeetCodeInSwift.entitlements */ = {isa = PBXFileReference; lastKnownFileType = text.plist.entitlements; path = LeetCodeInSwift.entitlements; sourceTree = "<group>"; };
		1D11984D2B4C82E5007D9AF0 /* LeetCodeInSwiftTests.xctest */ = {isa = PBXFileReference; explicitFileType = wrapper.cfbundle; includeInIndex = 0; path = LeetCodeInSwiftTests.xctest; sourceTree = BUILT_PRODUCTS_DIR; };
		1D1198562B4C831B007D9AF0 /* ContainerWithMostWater.swift */ = {isa = PBXFileReference; lastKnownFileType = sourcecode.swift; path = ContainerWithMostWater.swift; sourceTree = "<group>"; };
		1D1198582B4C83F4007D9AF0 /* ContainerWithMostWaterTest.swift */ = {isa = PBXFileReference; lastKnownFileType = sourcecode.swift; path = ContainerWithMostWaterTest.swift; sourceTree = "<group>"; };
		1D153F192B53194E00C3E2FF /* MergeTwoSortedLists.swift */ = {isa = PBXFileReference; lastKnownFileType = sourcecode.swift; path = MergeTwoSortedLists.swift; sourceTree = "<group>"; };
		1D2455612B53D84E00F407A8 /* PathSum.swift */ = {isa = PBXFileReference; lastKnownFileType = sourcecode.swift; path = PathSum.swift; sourceTree = "<group>"; };
		1D2455632B53DC1200F407A8 /* PathSumTests.swift */ = {isa = PBXFileReference; lastKnownFileType = sourcecode.swift; path = PathSumTests.swift; sourceTree = "<group>"; };
		1D2ECCE92B4F2CC50062F159 /* CountPrimes.swift */ = {isa = PBXFileReference; lastKnownFileType = sourcecode.swift; path = CountPrimes.swift; sourceTree = "<group>"; };
		1D2ECCEB2B4F2E440062F159 /* CountPrimesTest.swift */ = {isa = PBXFileReference; lastKnownFileType = sourcecode.swift; path = CountPrimesTest.swift; sourceTree = "<group>"; };
		1D53F6BB2B55BD7A00C4DAA8 /* LongestSubstringWithoutRepeatingCharacters.swift */ = {isa = PBXFileReference; lastKnownFileType = sourcecode.swift; path = LongestSubstringWithoutRepeatingCharacters.swift; sourceTree = "<group>"; };
		1D53F6BD2B55BE5600C4DAA8 /* LongestSubstringWithoutRepeatingCharactersTest.swift */ = {isa = PBXFileReference; lastKnownFileType = sourcecode.swift; path = LongestSubstringWithoutRepeatingCharactersTest.swift; sourceTree = "<group>"; };
		1D5CC81C2B591BEE004EB938 /* GroupAnagrams.swift */ = {isa = PBXFileReference; lastKnownFileType = sourcecode.swift; path = GroupAnagrams.swift; sourceTree = "<group>"; };
		1D5CC81E2B591CEE004EB938 /* GroupAnagramsTest.swift */ = {isa = PBXFileReference; lastKnownFileType = sourcecode.swift; path = GroupAnagramsTest.swift; sourceTree = "<group>"; };
		1D5CC8202B5948F0004EB938 /* HashTablesDictionaries.swift */ = {isa = PBXFileReference; lastKnownFileType = sourcecode.swift; path = HashTablesDictionaries.swift; sourceTree = "<group>"; };
		1D5CC8222B594A3C004EB938 /* HashTablesDictionariesTest.swift */ = {isa = PBXFileReference; lastKnownFileType = sourcecode.swift; path = HashTablesDictionariesTest.swift; sourceTree = "<group>"; };
		1D729A722B52841D004E3AE7 /* SingleNumber.swift */ = {isa = PBXFileReference; lastKnownFileType = sourcecode.swift; path = SingleNumber.swift; sourceTree = "<group>"; };
		1D729A742B5284DA004E3AE7 /* SingleNumberTest.swift */ = {isa = PBXFileReference; lastKnownFileType = sourcecode.swift; path = SingleNumberTest.swift; sourceTree = "<group>"; };
		1D729A762B528981004E3AE7 /* RobotReturnToOrigin.swift */ = {isa = PBXFileReference; lastKnownFileType = sourcecode.swift; path = RobotReturnToOrigin.swift; sourceTree = "<group>"; };
		1D729A782B528B19004E3AE7 /* RobotReturnToOriginTest.swift */ = {isa = PBXFileReference; lastKnownFileType = sourcecode.swift; path = RobotReturnToOriginTest.swift; sourceTree = "<group>"; };
		1D729A7A2B52AF1E004E3AE7 /* TwoSum.swift */ = {isa = PBXFileReference; lastKnownFileType = sourcecode.swift; path = TwoSum.swift; sourceTree = "<group>"; };
		1D729A7C2B52AFD1004E3AE7 /* TwoSumTest.swift */ = {isa = PBXFileReference; lastKnownFileType = sourcecode.swift; path = TwoSumTest.swift; sourceTree = "<group>"; };
		1D9A51492B4F044B00224DF5 /* MoveZeroes.swift */ = {isa = PBXFileReference; lastKnownFileType = sourcecode.swift; path = MoveZeroes.swift; sourceTree = "<group>"; };
		1D9A514B2B4F050600224DF5 /* MoveZeroesTest.swift */ = {isa = PBXFileReference; lastKnownFileType = sourcecode.swift; path = MoveZeroesTest.swift; sourceTree = "<group>"; };
		1DB4D71F2B584D0400DB387E /* MajorityElement.swift */ = {isa = PBXFileReference; lastKnownFileType = sourcecode.swift; path = MajorityElement.swift; sourceTree = "<group>"; };
		1DB4D7212B584DD100DB387E /* MajorityElementTest.swift */ = {isa = PBXFileReference; lastKnownFileType = sourcecode.swift; path = MajorityElementTest.swift; sourceTree = "<group>"; };
		1DC57E7B2B52D24500F2372B /* AddBinary.swift */ = {isa = PBXFileReference; lastKnownFileType = sourcecode.swift; path = AddBinary.swift; sourceTree = "<group>"; };
		1DC57E7D2B52D43000F2372B /* AddBinaryTest.swift */ = {isa = PBXFileReference; lastKnownFileType = sourcecode.swift; path = AddBinaryTest.swift; sourceTree = "<group>"; };
		1DC57E7F2B52F83D00F2372B /* ContainsDupliate.swift */ = {isa = PBXFileReference; lastKnownFileType = sourcecode.swift; path = ContainsDupliate.swift; sourceTree = "<group>"; };
		1DC57E812B52F91600F2372B /* ContainsDupliateTest.swift */ = {isa = PBXFileReference; lastKnownFileType = sourcecode.swift; path = ContainsDupliateTest.swift; sourceTree = "<group>"; };
		1DE99C722B4DC11000C247A9 /* ValidMountainArray.swift */ = {isa = PBXFileReference; lastKnownFileType = sourcecode.swift; path = ValidMountainArray.swift; sourceTree = "<group>"; };
		1DE99C742B4DC1D300C247A9 /* ValidMountainArrayTest.swift */ = {isa = PBXFileReference; lastKnownFileType = sourcecode.swift; path = ValidMountainArrayTest.swift; sourceTree = "<group>"; };
		52D5B4DD2B59AE6900DACBFB /* MinimumWindowSubstring.swift */ = {isa = PBXFileReference; lastKnownFileType = sourcecode.swift; path = MinimumWindowSubstring.swift; sourceTree = "<group>"; };
		52D5B4DF2B5BA25400DACBFB /* LinkedListCycle.swift */ = {isa = PBXFileReference; lastKnownFileType = sourcecode.swift; path = LinkedListCycle.swift; sourceTree = "<group>"; };
		52D5B4E12B5BA55D00DACBFB /* ReversedLinkedList.swift */ = {isa = PBXFileReference; lastKnownFileType = sourcecode.swift; path = ReversedLinkedList.swift; sourceTree = "<group>"; };
		52D5B4E32B5BAB5900DACBFB /* LinkedListAddTwoNumbers.swift */ = {isa = PBXFileReference; lastKnownFileType = sourcecode.swift; path = LinkedListAddTwoNumbers.swift; sourceTree = "<group>"; };
		52D5B4E52B5BBBF600DACBFB /* RemoveNthNodeFromEndOfList.swift */ = {isa = PBXFileReference; lastKnownFileType = sourcecode.swift; path = RemoveNthNodeFromEndOfList.swift; sourceTree = "<group>"; };
		52D5B4E72B5BC40800DACBFB /* OddEvenList.swift */ = {isa = PBXFileReference; lastKnownFileType = sourcecode.swift; path = OddEvenList.swift; sourceTree = "<group>"; };
		52D5B4E92B5BE23F00DACBFB /* MergeKSortedList.swift */ = {isa = PBXFileReference; lastKnownFileType = sourcecode.swift; path = MergeKSortedList.swift; sourceTree = "<group>"; };
		52D5B4EB2B5C126D00DACBFB /* Subsets.swift */ = {isa = PBXFileReference; lastKnownFileType = sourcecode.swift; path = Subsets.swift; sourceTree = "<group>"; };
		52D5B4ED2B5C451800DACBFB /* LetterCombinationOfPhoneNumber.swift */ = {isa = PBXFileReference; lastKnownFileType = sourcecode.swift; path = LetterCombinationOfPhoneNumber.swift; sourceTree = "<group>"; };
		8480BBB12B4E8774008DE55E /* BoatToSavePeople.swift */ = {isa = PBXFileReference; lastKnownFileType = sourcecode.swift; path = BoatToSavePeople.swift; sourceTree = "<group>"; };
		8480BBB32B4E892F008DE55E /* BoatToSavePeopleTest.swift */ = {isa = PBXFileReference; lastKnownFileType = sourcecode.swift; path = BoatToSavePeopleTest.swift; sourceTree = "<group>"; };
/* End PBXFileReference section */

/* Begin PBXFrameworksBuildPhase section */
		1D1198342B4C82BA007D9AF0 /* Frameworks */ = {
			isa = PBXFrameworksBuildPhase;
			buildActionMask = 2147483647;
			files = (
			);
			runOnlyForDeploymentPostprocessing = 0;
		};
		1D11984A2B4C82E5007D9AF0 /* Frameworks */ = {
			isa = PBXFrameworksBuildPhase;
			buildActionMask = 2147483647;
			files = (
			);
			runOnlyForDeploymentPostprocessing = 0;
		};
/* End PBXFrameworksBuildPhase section */

/* Begin PBXGroup section */
		1D11982E2B4C82B9007D9AF0 = {
			isa = PBXGroup;
			children = (
				1D1198392B4C82BA007D9AF0 /* LeetCodeInSwift */,
				1D11984E2B4C82E5007D9AF0 /* LeetCodeInSwiftTests */,
				1D1198382B4C82BA007D9AF0 /* Products */,
			);
			sourceTree = "<group>";
		};
		1D1198382B4C82BA007D9AF0 /* Products */ = {
			isa = PBXGroup;
			children = (
				1D1198372B4C82BA007D9AF0 /* LeetCodeInSwift.app */,
				1D11984D2B4C82E5007D9AF0 /* LeetCodeInSwiftTests.xctest */,
			);
			name = Products;
			sourceTree = "<group>";
		};
		1D1198392B4C82BA007D9AF0 /* LeetCodeInSwift */ = {
			isa = PBXGroup;
			children = (
				1D11983A2B4C82BA007D9AF0 /* LeetCodeInSwiftApp.swift */,
				1D11983C2B4C82BA007D9AF0 /* ContentView.swift */,
				1D11983E2B4C82BD007D9AF0 /* Assets.xcassets */,
				1D1198432B4C82BD007D9AF0 /* LeetCodeInSwift.entitlements */,
				1D1198402B4C82BD007D9AF0 /* Preview Content */,
				1D1198562B4C831B007D9AF0 /* ContainerWithMostWater.swift */,
				1DE99C722B4DC11000C247A9 /* ValidMountainArray.swift */,
				8480BBB12B4E8774008DE55E /* BoatToSavePeople.swift */,
				1D9A51492B4F044B00224DF5 /* MoveZeroes.swift */,
				1D2ECCE92B4F2CC50062F159 /* CountPrimes.swift */,
				1D0B34CF2B5077E900698D51 /* MissingNumber.swift */,
				1D729A722B52841D004E3AE7 /* SingleNumber.swift */,
				1D729A762B528981004E3AE7 /* RobotReturnToOrigin.swift */,
				1D729A7A2B52AF1E004E3AE7 /* TwoSum.swift */,
				1DC57E7B2B52D24500F2372B /* AddBinary.swift */,
				1DC57E7F2B52F83D00F2372B /* ContainsDupliate.swift */,
				1D153F192B53194E00C3E2FF /* MergeTwoSortedLists.swift */,
				1D2455612B53D84E00F407A8 /* PathSum.swift */,
				1D53F6BB2B55BD7A00C4DAA8 /* LongestSubstringWithoutRepeatingCharacters.swift */,
				1D0DA30F2B582A6E0074651C /* FindFirstAndLastPositionOfElementInSortedArray.swift */,
				1DB4D71F2B584D0400DB387E /* MajorityElement.swift */,
				1D5CC81C2B591BEE004EB938 /* GroupAnagrams.swift */,
				1D5CC8202B5948F0004EB938 /* HashTablesDictionaries.swift */,
				52D5B4DD2B59AE6900DACBFB /* MinimumWindowSubstring.swift */,
				52D5B4DF2B5BA25400DACBFB /* LinkedListCycle.swift */,
				52D5B4E12B5BA55D00DACBFB /* ReversedLinkedList.swift */,
				52D5B4E32B5BAB5900DACBFB /* LinkedListAddTwoNumbers.swift */,
				52D5B4E52B5BBBF600DACBFB /* RemoveNthNodeFromEndOfList.swift */,
				52D5B4E72B5BC40800DACBFB /* OddEvenList.swift */,
				52D5B4E92B5BE23F00DACBFB /* MergeKSortedList.swift */,
				52D5B4EB2B5C126D00DACBFB /* Subsets.swift */,
				52D5B4ED2B5C451800DACBFB /* LetterCombinationOfPhoneNumber.swift */,
			);
			path = LeetCodeInSwift;
			sourceTree = "<group>";
		};
		1D1198402B4C82BD007D9AF0 /* Preview Content */ = {
			isa = PBXGroup;
			children = (
				1D1198412B4C82BD007D9AF0 /* Preview Assets.xcassets */,
			);
			path = "Preview Content";
			sourceTree = "<group>";
		};
		1D11984E2B4C82E5007D9AF0 /* LeetCodeInSwiftTests */ = {
			isa = PBXGroup;
			children = (
				1D1198582B4C83F4007D9AF0 /* ContainerWithMostWaterTest.swift */,
				1DE99C742B4DC1D300C247A9 /* ValidMountainArrayTest.swift */,
				8480BBB32B4E892F008DE55E /* BoatToSavePeopleTest.swift */,
				1D9A514B2B4F050600224DF5 /* MoveZeroesTest.swift */,
				1D2ECCEB2B4F2E440062F159 /* CountPrimesTest.swift */,
				1D0B34D12B507BBB00698D51 /* MissingNumberTest.swift */,
				1D729A742B5284DA004E3AE7 /* SingleNumberTest.swift */,
				1D729A782B528B19004E3AE7 /* RobotReturnToOriginTest.swift */,
				1D729A7C2B52AFD1004E3AE7 /* TwoSumTest.swift */,
				1DC57E7D2B52D43000F2372B /* AddBinaryTest.swift */,
				1DC57E812B52F91600F2372B /* ContainsDupliateTest.swift */,
				1D2455632B53DC1200F407A8 /* PathSumTests.swift */,
				1D53F6BD2B55BE5600C4DAA8 /* LongestSubstringWithoutRepeatingCharactersTest.swift */,
				1D0DA3112B58300C0074651C /* FindFirstAndLastPositionOfElementInSortedArrayTest.swift */,
				1DB4D7212B584DD100DB387E /* MajorityElementTest.swift */,
				1D5CC81E2B591CEE004EB938 /* GroupAnagramsTest.swift */,
				1D5CC8222B594A3C004EB938 /* HashTablesDictionariesTest.swift */,
			);
			path = LeetCodeInSwiftTests;
			sourceTree = "<group>";
		};
/* End PBXGroup section */

/* Begin PBXNativeTarget section */
		1D1198362B4C82BA007D9AF0 /* LeetCodeInSwift */ = {
			isa = PBXNativeTarget;
			buildConfigurationList = 1D1198462B4C82BD007D9AF0 /* Build configuration list for PBXNativeTarget "LeetCodeInSwift" */;
			buildPhases = (
				1D1198332B4C82BA007D9AF0 /* Sources */,
				1D1198342B4C82BA007D9AF0 /* Frameworks */,
				1D1198352B4C82BA007D9AF0 /* Resources */,
			);
			buildRules = (
			);
			dependencies = (
			);
			name = LeetCodeInSwift;
			productName = LeetCodeInSwift;
			productReference = 1D1198372B4C82BA007D9AF0 /* LeetCodeInSwift.app */;
			productType = "com.apple.product-type.application";
		};
		1D11984C2B4C82E5007D9AF0 /* LeetCodeInSwiftTests */ = {
			isa = PBXNativeTarget;
			buildConfigurationList = 1D1198532B4C82E5007D9AF0 /* Build configuration list for PBXNativeTarget "LeetCodeInSwiftTests" */;
			buildPhases = (
				1D1198492B4C82E5007D9AF0 /* Sources */,
				1D11984A2B4C82E5007D9AF0 /* Frameworks */,
				1D11984B2B4C82E5007D9AF0 /* Resources */,
			);
			buildRules = (
			);
			dependencies = (
				1D1198522B4C82E5007D9AF0 /* PBXTargetDependency */,
			);
			name = LeetCodeInSwiftTests;
			productName = LeetCodeInSwiftTests;
			productReference = 1D11984D2B4C82E5007D9AF0 /* LeetCodeInSwiftTests.xctest */;
			productType = "com.apple.product-type.bundle.unit-test";
		};
/* End PBXNativeTarget section */

/* Begin PBXProject section */
		1D11982F2B4C82B9007D9AF0 /* Project object */ = {
			isa = PBXProject;
			attributes = {
				BuildIndependentTargetsInParallel = 1;
				LastSwiftUpdateCheck = 1510;
				LastUpgradeCheck = 1510;
				TargetAttributes = {
					1D1198362B4C82BA007D9AF0 = {
						CreatedOnToolsVersion = 15.1;
					};
					1D11984C2B4C82E5007D9AF0 = {
						CreatedOnToolsVersion = 15.1;
						TestTargetID = 1D1198362B4C82BA007D9AF0;
					};
				};
			};
			buildConfigurationList = 1D1198322B4C82B9007D9AF0 /* Build configuration list for PBXProject "LeetCodeInSwift" */;
			compatibilityVersion = "Xcode 14.0";
			developmentRegion = en;
			hasScannedForEncodings = 0;
			knownRegions = (
				en,
				Base,
			);
			mainGroup = 1D11982E2B4C82B9007D9AF0;
			productRefGroup = 1D1198382B4C82BA007D9AF0 /* Products */;
			projectDirPath = "";
			projectRoot = "";
			targets = (
				1D1198362B4C82BA007D9AF0 /* LeetCodeInSwift */,
				1D11984C2B4C82E5007D9AF0 /* LeetCodeInSwiftTests */,
			);
		};
/* End PBXProject section */

/* Begin PBXResourcesBuildPhase section */
		1D1198352B4C82BA007D9AF0 /* Resources */ = {
			isa = PBXResourcesBuildPhase;
			buildActionMask = 2147483647;
			files = (
				1D1198422B4C82BD007D9AF0 /* Preview Assets.xcassets in Resources */,
				1D11983F2B4C82BD007D9AF0 /* Assets.xcassets in Resources */,
			);
			runOnlyForDeploymentPostprocessing = 0;
		};
		1D11984B2B4C82E5007D9AF0 /* Resources */ = {
			isa = PBXResourcesBuildPhase;
			buildActionMask = 2147483647;
			files = (
			);
			runOnlyForDeploymentPostprocessing = 0;
		};
/* End PBXResourcesBuildPhase section */

/* Begin PBXSourcesBuildPhase section */
		1D1198332B4C82BA007D9AF0 /* Sources */ = {
			isa = PBXSourcesBuildPhase;
			buildActionMask = 2147483647;
			files = (
				1D729A7B2B52AF1E004E3AE7 /* TwoSum.swift in Sources */,
				1D1198572B4C831B007D9AF0 /* ContainerWithMostWater.swift in Sources */,
				1DC57E802B52F83D00F2372B /* ContainsDupliate.swift in Sources */,
				1D0B34D02B5077E900698D51 /* MissingNumber.swift in Sources */,
				1D5CC8212B5948F0004EB938 /* HashTablesDictionaries.swift in Sources */,
				1D2ECCEA2B4F2CC50062F159 /* CountPrimes.swift in Sources */,
				1D5CC81D2B591BEE004EB938 /* GroupAnagrams.swift in Sources */,
				1D2455622B53D84E00F407A8 /* PathSum.swift in Sources */,
				1DC57E7C2B52D24500F2372B /* AddBinary.swift in Sources */,
				1D729A772B528981004E3AE7 /* RobotReturnToOrigin.swift in Sources */,
				52D5B4EE2B5C451800DACBFB /* LetterCombinationOfPhoneNumber.swift in Sources */,
				52D5B4EA2B5BE23F00DACBFB /* MergeKSortedList.swift in Sources */,
				1DE99C732B4DC11000C247A9 /* ValidMountainArray.swift in Sources */,
				1D9A514A2B4F044B00224DF5 /* MoveZeroes.swift in Sources */,
				1D11983D2B4C82BA007D9AF0 /* ContentView.swift in Sources */,
				1D0DA3102B582A6E0074651C /* FindFirstAndLastPositionOfElementInSortedArray.swift in Sources */,
				1D53F6BC2B55BD7A00C4DAA8 /* LongestSubstringWithoutRepeatingCharacters.swift in Sources */,
				1D729A732B52841D004E3AE7 /* SingleNumber.swift in Sources */,
				52D5B4EC2B5C126D00DACBFB /* Subsets.swift in Sources */,
				1D11983B2B4C82BA007D9AF0 /* LeetCodeInSwiftApp.swift in Sources */,
				1D153F1A2B53194E00C3E2FF /* MergeTwoSortedLists.swift in Sources */,
				52D5B4E42B5BAB5900DACBFB /* LinkedListAddTwoNumbers.swift in Sources */,
				52D5B4E22B5BA55D00DACBFB /* ReversedLinkedList.swift in Sources */,
				52D5B4DE2B59AE6900DACBFB /* MinimumWindowSubstring.swift in Sources */,
				52D5B4E82B5BC40800DACBFB /* OddEvenList.swift in Sources */,
				8480BBB22B4E8774008DE55E /* BoatToSavePeople.swift in Sources */,
				1DB4D7202B584D0400DB387E /* MajorityElement.swift in Sources */,
				52D5B4E02B5BA25400DACBFB /* LinkedListCycle.swift in Sources */,
				52D5B4E62B5BBBF600DACBFB /* RemoveNthNodeFromEndOfList.swift in Sources */,
			);
			runOnlyForDeploymentPostprocessing = 0;
		};
		1D1198492B4C82E5007D9AF0 /* Sources */ = {
			isa = PBXSourcesBuildPhase;
			buildActionMask = 2147483647;
			files = (
				1DC57E7E2B52D43100F2372B /* AddBinaryTest.swift in Sources */,
				1D53F6BE2B55BE5600C4DAA8 /* LongestSubstringWithoutRepeatingCharactersTest.swift in Sources */,
				1D1198592B4C83F4007D9AF0 /* ContainerWithMostWaterTest.swift in Sources */,
				1D729A792B528B19004E3AE7 /* RobotReturnToOriginTest.swift in Sources */,
				1D2ECCEC2B4F2E440062F159 /* CountPrimesTest.swift in Sources */,
				1DB4D7222B584DD100DB387E /* MajorityElementTest.swift in Sources */,
				1DE99C752B4DC1D300C247A9 /* ValidMountainArrayTest.swift in Sources */,
				1D0DA3122B58300C0074651C /* FindFirstAndLastPositionOfElementInSortedArrayTest.swift in Sources */,
				1DC57E822B52F91600F2372B /* ContainsDupliateTest.swift in Sources */,
				1D2455642B53DC1200F407A8 /* PathSumTests.swift in Sources */,
				1D0B34D22B507BBB00698D51 /* MissingNumberTest.swift in Sources */,
				1D729A7D2B52AFD1004E3AE7 /* TwoSumTest.swift in Sources */,
				1D729A752B5284DA004E3AE7 /* SingleNumberTest.swift in Sources */,
				1D5CC81F2B591CEE004EB938 /* GroupAnagramsTest.swift in Sources */,
				1D9A514C2B4F050600224DF5 /* MoveZeroesTest.swift in Sources */,
				1D5CC8232B594A3C004EB938 /* HashTablesDictionariesTest.swift in Sources */,
				8480BBB42B4E892F008DE55E /* BoatToSavePeopleTest.swift in Sources */,
			);
			runOnlyForDeploymentPostprocessing = 0;
		};
/* End PBXSourcesBuildPhase section */

/* Begin PBXTargetDependency section */
		1D1198522B4C82E5007D9AF0 /* PBXTargetDependency */ = {
			isa = PBXTargetDependency;
			target = 1D1198362B4C82BA007D9AF0 /* LeetCodeInSwift */;
			targetProxy = 1D1198512B4C82E5007D9AF0 /* PBXContainerItemProxy */;
		};
/* End PBXTargetDependency section */

/* Begin XCBuildConfiguration section */
		1D1198442B4C82BD007D9AF0 /* Debug */ = {
			isa = XCBuildConfiguration;
			buildSettings = {
				ALWAYS_SEARCH_USER_PATHS = NO;
				ASSETCATALOG_COMPILER_GENERATE_SWIFT_ASSET_SYMBOL_EXTENSIONS = YES;
				CLANG_ANALYZER_NONNULL = YES;
				CLANG_ANALYZER_NUMBER_OBJECT_CONVERSION = YES_AGGRESSIVE;
				CLANG_CXX_LANGUAGE_STANDARD = "gnu++20";
				CLANG_ENABLE_MODULES = YES;
				CLANG_ENABLE_OBJC_ARC = YES;
				CLANG_ENABLE_OBJC_WEAK = YES;
				CLANG_WARN_BLOCK_CAPTURE_AUTORELEASING = YES;
				CLANG_WARN_BOOL_CONVERSION = YES;
				CLANG_WARN_COMMA = YES;
				CLANG_WARN_CONSTANT_CONVERSION = YES;
				CLANG_WARN_DEPRECATED_OBJC_IMPLEMENTATIONS = YES;
				CLANG_WARN_DIRECT_OBJC_ISA_USAGE = YES_ERROR;
				CLANG_WARN_DOCUMENTATION_COMMENTS = YES;
				CLANG_WARN_EMPTY_BODY = YES;
				CLANG_WARN_ENUM_CONVERSION = YES;
				CLANG_WARN_INFINITE_RECURSION = YES;
				CLANG_WARN_INT_CONVERSION = YES;
				CLANG_WARN_NON_LITERAL_NULL_CONVERSION = YES;
				CLANG_WARN_OBJC_IMPLICIT_RETAIN_SELF = YES;
				CLANG_WARN_OBJC_LITERAL_CONVERSION = YES;
				CLANG_WARN_OBJC_ROOT_CLASS = YES_ERROR;
				CLANG_WARN_QUOTED_INCLUDE_IN_FRAMEWORK_HEADER = YES;
				CLANG_WARN_RANGE_LOOP_ANALYSIS = YES;
				CLANG_WARN_STRICT_PROTOTYPES = YES;
				CLANG_WARN_SUSPICIOUS_MOVE = YES;
				CLANG_WARN_UNGUARDED_AVAILABILITY = YES_AGGRESSIVE;
				CLANG_WARN_UNREACHABLE_CODE = YES;
				CLANG_WARN__DUPLICATE_METHOD_MATCH = YES;
				COPY_PHASE_STRIP = NO;
				DEBUG_INFORMATION_FORMAT = dwarf;
				ENABLE_STRICT_OBJC_MSGSEND = YES;
				ENABLE_TESTABILITY = YES;
				ENABLE_USER_SCRIPT_SANDBOXING = YES;
				GCC_C_LANGUAGE_STANDARD = gnu17;
				GCC_DYNAMIC_NO_PIC = NO;
				GCC_NO_COMMON_BLOCKS = YES;
				GCC_OPTIMIZATION_LEVEL = 0;
				GCC_PREPROCESSOR_DEFINITIONS = (
					"DEBUG=1",
					"$(inherited)",
				);
				GCC_WARN_64_TO_32_BIT_CONVERSION = YES;
				GCC_WARN_ABOUT_RETURN_TYPE = YES_ERROR;
				GCC_WARN_UNDECLARED_SELECTOR = YES;
				GCC_WARN_UNINITIALIZED_AUTOS = YES_AGGRESSIVE;
				GCC_WARN_UNUSED_FUNCTION = YES;
				GCC_WARN_UNUSED_VARIABLE = YES;
				LOCALIZATION_PREFERS_STRING_CATALOGS = YES;
				MACOSX_DEPLOYMENT_TARGET = 14.2;
				MTL_ENABLE_DEBUG_INFO = INCLUDE_SOURCE;
				MTL_FAST_MATH = YES;
				ONLY_ACTIVE_ARCH = YES;
				SDKROOT = macosx;
				SWIFT_ACTIVE_COMPILATION_CONDITIONS = "DEBUG $(inherited)";
				SWIFT_OPTIMIZATION_LEVEL = "-Onone";
			};
			name = Debug;
		};
		1D1198452B4C82BD007D9AF0 /* Release */ = {
			isa = XCBuildConfiguration;
			buildSettings = {
				ALWAYS_SEARCH_USER_PATHS = NO;
				ASSETCATALOG_COMPILER_GENERATE_SWIFT_ASSET_SYMBOL_EXTENSIONS = YES;
				CLANG_ANALYZER_NONNULL = YES;
				CLANG_ANALYZER_NUMBER_OBJECT_CONVERSION = YES_AGGRESSIVE;
				CLANG_CXX_LANGUAGE_STANDARD = "gnu++20";
				CLANG_ENABLE_MODULES = YES;
				CLANG_ENABLE_OBJC_ARC = YES;
				CLANG_ENABLE_OBJC_WEAK = YES;
				CLANG_WARN_BLOCK_CAPTURE_AUTORELEASING = YES;
				CLANG_WARN_BOOL_CONVERSION = YES;
				CLANG_WARN_COMMA = YES;
				CLANG_WARN_CONSTANT_CONVERSION = YES;
				CLANG_WARN_DEPRECATED_OBJC_IMPLEMENTATIONS = YES;
				CLANG_WARN_DIRECT_OBJC_ISA_USAGE = YES_ERROR;
				CLANG_WARN_DOCUMENTATION_COMMENTS = YES;
				CLANG_WARN_EMPTY_BODY = YES;
				CLANG_WARN_ENUM_CONVERSION = YES;
				CLANG_WARN_INFINITE_RECURSION = YES;
				CLANG_WARN_INT_CONVERSION = YES;
				CLANG_WARN_NON_LITERAL_NULL_CONVERSION = YES;
				CLANG_WARN_OBJC_IMPLICIT_RETAIN_SELF = YES;
				CLANG_WARN_OBJC_LITERAL_CONVERSION = YES;
				CLANG_WARN_OBJC_ROOT_CLASS = YES_ERROR;
				CLANG_WARN_QUOTED_INCLUDE_IN_FRAMEWORK_HEADER = YES;
				CLANG_WARN_RANGE_LOOP_ANALYSIS = YES;
				CLANG_WARN_STRICT_PROTOTYPES = YES;
				CLANG_WARN_SUSPICIOUS_MOVE = YES;
				CLANG_WARN_UNGUARDED_AVAILABILITY = YES_AGGRESSIVE;
				CLANG_WARN_UNREACHABLE_CODE = YES;
				CLANG_WARN__DUPLICATE_METHOD_MATCH = YES;
				COPY_PHASE_STRIP = NO;
				DEBUG_INFORMATION_FORMAT = "dwarf-with-dsym";
				ENABLE_NS_ASSERTIONS = NO;
				ENABLE_STRICT_OBJC_MSGSEND = YES;
				ENABLE_USER_SCRIPT_SANDBOXING = YES;
				GCC_C_LANGUAGE_STANDARD = gnu17;
				GCC_NO_COMMON_BLOCKS = YES;
				GCC_WARN_64_TO_32_BIT_CONVERSION = YES;
				GCC_WARN_ABOUT_RETURN_TYPE = YES_ERROR;
				GCC_WARN_UNDECLARED_SELECTOR = YES;
				GCC_WARN_UNINITIALIZED_AUTOS = YES_AGGRESSIVE;
				GCC_WARN_UNUSED_FUNCTION = YES;
				GCC_WARN_UNUSED_VARIABLE = YES;
				LOCALIZATION_PREFERS_STRING_CATALOGS = YES;
				MACOSX_DEPLOYMENT_TARGET = 14.2;
				MTL_ENABLE_DEBUG_INFO = NO;
				MTL_FAST_MATH = YES;
				SDKROOT = macosx;
				SWIFT_COMPILATION_MODE = wholemodule;
			};
			name = Release;
		};
		1D1198472B4C82BD007D9AF0 /* Debug */ = {
			isa = XCBuildConfiguration;
			buildSettings = {
				ASSETCATALOG_COMPILER_APPICON_NAME = AppIcon;
				ASSETCATALOG_COMPILER_GLOBAL_ACCENT_COLOR_NAME = AccentColor;
				CODE_SIGN_ENTITLEMENTS = LeetCodeInSwift/LeetCodeInSwift.entitlements;
				"CODE_SIGN_IDENTITY[sdk=macosx*]" = "-";
				CODE_SIGN_STYLE = Automatic;
				COMBINE_HIDPI_IMAGES = YES;
				CURRENT_PROJECT_VERSION = 1;
				DEVELOPMENT_ASSET_PATHS = "\"LeetCodeInSwift/Preview Content\"";
				DEVELOPMENT_TEAM = "";
				ENABLE_PREVIEWS = YES;
				GENERATE_INFOPLIST_FILE = YES;
				INFOPLIST_KEY_NSHumanReadableCopyright = "";
				LD_RUNPATH_SEARCH_PATHS = (
					"$(inherited)",
					"@executable_path/../Frameworks",
				);
				MARKETING_VERSION = 1.0;
				PRODUCT_BUNDLE_IDENTIFIER = com.ri.LeetCodeInSwift;
				PRODUCT_NAME = "$(TARGET_NAME)";
				SWIFT_EMIT_LOC_STRINGS = YES;
				SWIFT_VERSION = 5.0;
			};
			name = Debug;
		};
		1D1198482B4C82BD007D9AF0 /* Release */ = {
			isa = XCBuildConfiguration;
			buildSettings = {
				ASSETCATALOG_COMPILER_APPICON_NAME = AppIcon;
				ASSETCATALOG_COMPILER_GLOBAL_ACCENT_COLOR_NAME = AccentColor;
				CODE_SIGN_ENTITLEMENTS = LeetCodeInSwift/LeetCodeInSwift.entitlements;
				"CODE_SIGN_IDENTITY[sdk=macosx*]" = "-";
				CODE_SIGN_STYLE = Automatic;
				COMBINE_HIDPI_IMAGES = YES;
				CURRENT_PROJECT_VERSION = 1;
				DEVELOPMENT_ASSET_PATHS = "\"LeetCodeInSwift/Preview Content\"";
				DEVELOPMENT_TEAM = "";
				ENABLE_PREVIEWS = YES;
				GENERATE_INFOPLIST_FILE = YES;
				INFOPLIST_KEY_NSHumanReadableCopyright = "";
				LD_RUNPATH_SEARCH_PATHS = (
					"$(inherited)",
					"@executable_path/../Frameworks",
				);
				MARKETING_VERSION = 1.0;
				PRODUCT_BUNDLE_IDENTIFIER = com.ri.LeetCodeInSwift;
				PRODUCT_NAME = "$(TARGET_NAME)";
				SWIFT_EMIT_LOC_STRINGS = YES;
				SWIFT_VERSION = 5.0;
			};
			name = Release;
		};
		1D1198542B4C82E5007D9AF0 /* Debug */ = {
			isa = XCBuildConfiguration;
			buildSettings = {
				BUNDLE_LOADER = "$(TEST_HOST)";
				"CODE_SIGN_IDENTITY[sdk=macosx*]" = "Apple Development";
				CODE_SIGN_STYLE = Automatic;
				CURRENT_PROJECT_VERSION = 1;
				DEVELOPMENT_TEAM = L8W86DZDY2;
				GENERATE_INFOPLIST_FILE = YES;
				MARKETING_VERSION = 1.0;
				PRODUCT_BUNDLE_IDENTIFIER = com.ri.LeetCodeInSwiftTests;
				PRODUCT_NAME = "$(TARGET_NAME)";
				SWIFT_EMIT_LOC_STRINGS = NO;
				SWIFT_VERSION = 5.0;
				TEST_HOST = "$(BUILT_PRODUCTS_DIR)/LeetCodeInSwift.app/$(BUNDLE_EXECUTABLE_FOLDER_PATH)/LeetCodeInSwift";
			};
			name = Debug;
		};
		1D1198552B4C82E5007D9AF0 /* Release */ = {
			isa = XCBuildConfiguration;
			buildSettings = {
				BUNDLE_LOADER = "$(TEST_HOST)";
				"CODE_SIGN_IDENTITY[sdk=macosx*]" = "Apple Development";
				CODE_SIGN_STYLE = Automatic;
				CURRENT_PROJECT_VERSION = 1;
				DEVELOPMENT_TEAM = L8W86DZDY2;
				GENERATE_INFOPLIST_FILE = YES;
				MARKETING_VERSION = 1.0;
				PRODUCT_BUNDLE_IDENTIFIER = com.ri.LeetCodeInSwiftTests;
				PRODUCT_NAME = "$(TARGET_NAME)";
				SWIFT_EMIT_LOC_STRINGS = NO;
				SWIFT_VERSION = 5.0;
				TEST_HOST = "$(BUILT_PRODUCTS_DIR)/LeetCodeInSwift.app/$(BUNDLE_EXECUTABLE_FOLDER_PATH)/LeetCodeInSwift";
			};
			name = Release;
		};
/* End XCBuildConfiguration section */

/* Begin XCConfigurationList section */
		1D1198322B4C82B9007D9AF0 /* Build configuration list for PBXProject "LeetCodeInSwift" */ = {
			isa = XCConfigurationList;
			buildConfigurations = (
				1D1198442B4C82BD007D9AF0 /* Debug */,
				1D1198452B4C82BD007D9AF0 /* Release */,
			);
			defaultConfigurationIsVisible = 0;
			defaultConfigurationName = Release;
		};
		1D1198462B4C82BD007D9AF0 /* Build configuration list for PBXNativeTarget "LeetCodeInSwift" */ = {
			isa = XCConfigurationList;
			buildConfigurations = (
				1D1198472B4C82BD007D9AF0 /* Debug */,
				1D1198482B4C82BD007D9AF0 /* Release */,
			);
			defaultConfigurationIsVisible = 0;
			defaultConfigurationName = Release;
		};
		1D1198532B4C82E5007D9AF0 /* Build configuration list for PBXNativeTarget "LeetCodeInSwiftTests" */ = {
			isa = XCConfigurationList;
			buildConfigurations = (
				1D1198542B4C82E5007D9AF0 /* Debug */,
				1D1198552B4C82E5007D9AF0 /* Release */,
			);
			defaultConfigurationIsVisible = 0;
			defaultConfigurationName = Release;
		};
/* End XCConfigurationList section */
	};
	rootObject = 1D11982F2B4C82B9007D9AF0 /* Project object */;
}
